// !$*UTF8*$!
{
	archiveVersion = 1;
	classes = {
	};
	objectVersion = 46;
	objects = {

/* Begin PBXBuildFile section */
		05E0E40D1BE94359008F3F51 /* main.c in Sources */ = {isa = PBXBuildFile; fileRef = 05E0E40C1BE94359008F3F51 /* main.c */; };
/* End PBXBuildFile section */

/* Begin PBXCopyFilesBuildPhase section */
		05E0E4071BE94359008F3F51 /* CopyFiles */ = {
			isa = PBXCopyFilesBuildPhase;
			buildActionMask = 2147483647;
			dstPath = /usr/share/man/man1/;
			dstSubfolderSpec = 0;
			files = (
			);
			runOnlyForDeploymentPostprocessing = 1;
		};
/* End PBXCopyFilesBuildPhase section */

/* Begin PBXFileReference section */
		05E0E4091BE94359008F3F51 /* gnu-iso-c11 */ = {isa = PBXFileReference; explicitFileType = "compiled.mach-o.executable"; includeInIndex = 0; path = "gnu-iso-c11"; sourceTree = BUILT_PRODUCTS_DIR; };
		05E0E40C1BE94359008F3F51 /* main.c */ = {isa = PBXFileReference; lastKnownFileType = sourcecode.c.c; path = main.c; sourceTree = "<group>"; };
		05E0E4131BE94366008F3F51 /* gnu-iso-c11.h */ = {isa = PBXFileReference; lastKnownFileType = sourcecode.c.h; path = "gnu-iso-c11.h"; sourceTree = "<group>"; };
/* End PBXFileReference section */

/* Begin PBXFrameworksBuildPhase section */
		05E0E4061BE94359008F3F51 /* Frameworks */ = {
			isa = PBXFrameworksBuildPhase;
			buildActionMask = 2147483647;
			files = (
			);
			runOnlyForDeploymentPostprocessing = 0;
		};
/* End PBXFrameworksBuildPhase section */

/* Begin PBXGroup section */
		05E0E4001BE94359008F3F51 = {
			isa = PBXGroup;
			children = (
				05E0E40B1BE94359008F3F51 /* gnu-iso-c11 */,
				05E0E40A1BE94359008F3F51 /* Products */,
			);
			sourceTree = "<group>";
		};
		05E0E40A1BE94359008F3F51 /* Products */ = {
			isa = PBXGroup;
			children = (
				05E0E4091BE94359008F3F51 /* gnu-iso-c11 */,
			);
			name = Products;
			sourceTree = "<group>";
		};
		05E0E40B1BE94359008F3F51 /* gnu-iso-c11 */ = {
			isa = PBXGroup;
			children = (
				05E0E4131BE94366008F3F51 /* gnu-iso-c11.h */,
				05E0E40C1BE94359008F3F51 /* main.c */,
			);
			path = "gnu-iso-c11";
			sourceTree = "<group>";
		};
/* End PBXGroup section */

/* Begin PBXNativeTarget section */
		05E0E4081BE94359008F3F51 /* gnu-iso-c11 */ = {
			isa = PBXNativeTarget;
			buildConfigurationList = 05E0E4101BE94359008F3F51 /* Build configuration list for PBXNativeTarget "gnu-iso-c11" */;
			buildPhases = (
				05E0E4051BE94359008F3F51 /* Sources */,
				05E0E4061BE94359008F3F51 /* Frameworks */,
				05E0E4071BE94359008F3F51 /* CopyFiles */,
			);
			buildRules = (
			);
			dependencies = (
			);
			name = "gnu-iso-c11";
			productName = gc;
			productReference = 05E0E4091BE94359008F3F51 /* gnu-iso-c11 */;
			productType = "com.apple.product-type.tool";
		};
/* End PBXNativeTarget section */

/* Begin PBXProject section */
		05E0E4011BE94359008F3F51 /* Project object */ = {
			isa = PBXProject;
			attributes = {
				LastUpgradeCheck = 0710;
				ORGANIZATIONNAME = "XS-Labs";
				TargetAttributes = {
					05E0E4081BE94359008F3F51 = {
						CreatedOnToolsVersion = 7.1;
					};
				};
			};
			buildConfigurationList = 05E0E4041BE94359008F3F51 /* Build configuration list for PBXProject "gnu-iso-c11" */;
			compatibilityVersion = "Xcode 3.2";
			developmentRegion = English;
			hasScannedForEncodings = 0;
			knownRegions = (
				en,
			);
			mainGroup = 05E0E4001BE94359008F3F51;
			productRefGroup = 05E0E40A1BE94359008F3F51 /* Products */;
			projectDirPath = "";
			projectRoot = "";
			targets = (
				05E0E4081BE94359008F3F51 /* gnu-iso-c11 */,
			);
		};
/* End PBXProject section */

/* Begin PBXSourcesBuildPhase section */
		05E0E4051BE94359008F3F51 /* Sources */ = {
			isa = PBXSourcesBuildPhase;
			buildActionMask = 2147483647;
			files = (
				05E0E40D1BE94359008F3F51 /* main.c in Sources */,
			);
			runOnlyForDeploymentPostprocessing = 0;
		};
/* End PBXSourcesBuildPhase section */

/* Begin XCBuildConfiguration section */
		05E0E40E1BE94359008F3F51 /* Debug */ = {
			isa = XCBuildConfiguration;
			buildSettings = {
				ALWAYS_SEARCH_USER_PATHS = NO;
				CLANG_CXX_LANGUAGE_STANDARD = "gnu++0x";
				CLANG_CXX_LIBRARY = "libc++";
				CLANG_ENABLE_MODULES = YES;
				CLANG_ENABLE_OBJC_ARC = YES;
				CLANG_WARN_BOOL_CONVERSION = YES;
				CLANG_WARN_CONSTANT_CONVERSION = YES;
				CLANG_WARN_DIRECT_OBJC_ISA_USAGE = YES_ERROR;
				CLANG_WARN_EMPTY_BODY = YES;
				CLANG_WARN_ENUM_CONVERSION = YES;
				CLANG_WARN_INT_CONVERSION = YES;
				CLANG_WARN_OBJC_ROOT_CLASS = YES_ERROR;
				CLANG_WARN_UNREACHABLE_CODE = YES;
				CLANG_WARN__DUPLICATE_METHOD_MATCH = YES;
				CODE_SIGN_IDENTITY = "-";
				COPY_PHASE_STRIP = NO;
				DEBUG_INFORMATION_FORMAT = dwarf;
				ENABLE_STRICT_OBJC_MSGSEND = YES;
				ENABLE_TESTABILITY = YES;
				GCC_C_LANGUAGE_STANDARD = gnu99;
				GCC_DYNAMIC_NO_PIC = NO;
				GCC_NO_COMMON_BLOCKS = YES;
				GCC_OPTIMIZATION_LEVEL = 0;
				GCC_PREPROCESSOR_DEFINITIONS = (
					"DEBUG=1",
					"$(inherited)",
				);
				GCC_WARN_64_TO_32_BIT_CONVERSION = YES;
				GCC_WARN_ABOUT_RETURN_TYPE = YES_ERROR;
				GCC_WARN_UNDECLARED_SELECTOR = YES;
				GCC_WARN_UNINITIALIZED_AUTOS = YES_AGGRESSIVE;
				GCC_WARN_UNUSED_FUNCTION = YES;
				GCC_WARN_UNUSED_VARIABLE = YES;
				MACOSX_DEPLOYMENT_TARGET = 10.11;
				MTL_ENABLE_DEBUG_INFO = YES;
				ONLY_ACTIVE_ARCH = YES;
				SDKROOT = macosx;
			};
			name = Debug;
		};
		05E0E40F1BE94359008F3F51 /* Release */ = {
			isa = XCBuildConfiguration;
			buildSettings = {
				ALWAYS_SEARCH_USER_PATHS = NO;
				CLANG_CXX_LANGUAGE_STANDARD = "gnu++0x";
				CLANG_CXX_LIBRARY = "libc++";
				CLANG_ENABLE_MODULES = YES;
				CLANG_ENABLE_OBJC_ARC = YES;
				CLANG_WARN_BOOL_CONVERSION = YES;
				CLANG_WARN_CONSTANT_CONVERSION = YES;
				CLANG_WARN_DIRECT_OBJC_ISA_USAGE = YES_ERROR;
				CLANG_WARN_EMPTY_BODY = YES;
				CLANG_WARN_ENUM_CONVERSION = YES;
				CLANG_WARN_INT_CONVERSION = YES;
				CLANG_WARN_OBJC_ROOT_CLASS = YES_ERROR;
				CLANG_WARN_UNREACHABLE_CODE = YES;
				CLANG_WARN__DUPLICATE_METHOD_MATCH = YES;
				CODE_SIGN_IDENTITY = "-";
				COPY_PHASE_STRIP = NO;
				DEBUG_INFORMATION_FORMAT = "dwarf-with-dsym";
				ENABLE_NS_ASSERTIONS = NO;
				ENABLE_STRICT_OBJC_MSGSEND = YES;
				GCC_C_LANGUAGE_STANDARD = gnu99;
				GCC_NO_COMMON_BLOCKS = YES;
				GCC_WARN_64_TO_32_BIT_CONVERSION = YES;
				GCC_WARN_ABOUT_RETURN_TYPE = YES_ERROR;
				GCC_WARN_UNDECLARED_SELECTOR = YES;
				GCC_WARN_UNINITIALIZED_AUTOS = YES_AGGRESSIVE;
				GCC_WARN_UNUSED_FUNCTION = YES;
				GCC_WARN_UNUSED_VARIABLE = YES;
				MACOSX_DEPLOYMENT_TARGET = 10.11;
				MTL_ENABLE_DEBUG_INFO = NO;
				SDKROOT = macosx;
			};
			name = Release;
		};
		05E0E4111BE94359008F3F51 /* Debug */ = {
			isa = XCBuildConfiguration;
			buildSettings = {
				PRODUCT_NAME = "gnu-iso-c11";
			};
			name = Debug;
		};
		05E0E4121BE94359008F3F51 /* Release */ = {
			isa = XCBuildConfiguration;
			buildSettings = {
				PRODUCT_NAME = "gnu-iso-c11";
			};
			name = Release;
		};
/* End XCBuildConfiguration section */

/* Begin XCConfigurationList section */
		05E0E4041BE94359008F3F51 /* Build configuration list for PBXProject "gnu-iso-c11" */ = {
			isa = XCConfigurationList;
			buildConfigurations = (
				05E0E40E1BE94359008F3F51 /* Debug */,
				05E0E40F1BE94359008F3F51 /* Release */,
			);
			defaultConfigurationIsVisible = 0;
			defaultConfigurationName = Release;
		};
		05E0E4101BE94359008F3F51 /* Build configuration list for PBXNativeTarget "gnu-iso-c11" */ = {
			isa = XCConfigurationList;
			buildConfigurations = (
				05E0E4111BE94359008F3F51 /* Debug */,
				05E0E4121BE94359008F3F51 /* Release */,
			);
			defaultConfigurationIsVisible = 0;
			defaultConfigurationName = Release;
		};
/* End XCConfigurationList section */
	};
	rootObject = 05E0E4011BE94359008F3F51 /* Project object */;
}
